(base) swasthika@Swasthikas-MacBook-Air helm % kubectl delete pods --all -n default
pod "api-6987d94f98-8vksq" deleted
pod "consul-ssm-64d7d9dff8-5s5sk" deleted
pod "nginx-658564587f-x88hx" deleted
pod "redis-cache-weather-prediction-75dcfcb787-8svft" deleted
pod "ui-59b7fb5877-fgnv4" deleted
(base) swasthika@Swasthikas-MacBook-Air helm % cd ..
(base) swasthika@Swasthikas-MacBook-Air weather-prediction % terraform init
Initializing the backend...
Initializing provider plugins...
- Finding latest version of hashicorp/kubernetes...
- Installing hashicorp/kubernetes v2.34.0...
- Installed hashicorp/kubernetes v2.34.0 (signed by HashiCorp)
Terraform has created a lock file .terraform.lock.hcl to record the provider
selections it made above. Include this file in your version control repository
so that Terraform can guarantee to make the same selections by default when
you run "terraform init" in the future.

Terraform has been successfully initialized!

You may now begin working with Terraform. Try running "terraform plan" to see
any changes that are required for your infrastructure. All Terraform commands
should now work.

If you ever set or change modules or backend configuration for Terraform,
rerun this command to reinitialize your working directory. If you forget, other
commands will detect it and remind you to do so if necessary.
(base) swasthika@Swasthikas-MacBook-Air weather-prediction % terraform apply
Terraform used the selected providers to generate the following execution plan. Resource actions are indicated with the following symbols:
  + create

Terraform will perform the following actions:

  # kubernetes_manifest.api_deployment will be created
  + resource "kubernetes_manifest" "api_deployment" {
      + manifest = {
          + apiVersion = "apps/v1"
          + kind       = "Deployment"
          + metadata   = {
              + name      = "api"
              + namespace = "default2"
            }
          + spec       = {
              + replicas = 1
              + selector = {
                  + matchLabels = {
                      + app = "api"
                    }
                }
              + template = {
                  + metadata = {
                      + labels = {
                          + app = "api"
                        }
                    }
                  + spec     = {
                      + containers = [
                          + {
                              + env   = [
                                  + {
                                      + name  = "CONSUL_HTTP_ADDR"
                                      + value = "consul-ssm:8500"
                                    },
                                ]
                              + image = "ianunay/weather-app-api:v5"
                              + name  = "api"
                              + ports = [
                                  + {
                                      + containerPort = 8080
                                    },
                                ]
                            },
                        ]
                    }
                }
            }
        }
      + object   = {
          + apiVersion = "apps/v1"
          + kind       = "Deployment"
          + metadata   = {
              + annotations                = (known after apply)
              + creationTimestamp          = (known after apply)
              + deletionGracePeriodSeconds = (known after apply)
              + deletionTimestamp          = (known after apply)
              + finalizers                 = (known after apply)
              + generateName               = (known after apply)
              + generation                 = (known after apply)
              + labels                     = (known after apply)
              + managedFields              = (known after apply)
              + name                       = "api"
              + namespace                  = "default2"
              + ownerReferences            = (known after apply)
              + resourceVersion            = (known after apply)
              + selfLink                   = (known after apply)
              + uid                        = (known after apply)
            }
          + spec       = {
              + minReadySeconds         = (known after apply)
              + paused                  = (known after apply)
              + progressDeadlineSeconds = (known after apply)
              + replicas                = 1
              + revisionHistoryLimit    = (known after apply)
              + selector                = {
                  + matchExpressions = (known after apply)
                  + matchLabels      = {
                      + app = "api"
                    }
                }
              + strategy                = {
                  + rollingUpdate = {
                      + maxSurge       = (known after apply)
                      + maxUnavailable = (known after apply)
                    }
                  + type          = (known after apply)
                }
              + template                = {
                  + metadata = {
                      + annotations                = (known after apply)
                      + creationTimestamp          = (known after apply)
                      + deletionGracePeriodSeconds = (known after apply)
                      + deletionTimestamp          = (known after apply)
                      + finalizers                 = (known after apply)
                      + generateName               = (known after apply)
                      + generation                 = (known after apply)
                      + labels                     = {
                          + app = "api"
                        }
                      + managedFields              = (known after apply)
                      + name                       = (known after apply)
                      + namespace                  = (known after apply)
                      + ownerReferences            = (known after apply)
                      + resourceVersion            = (known after apply)
                      + selfLink                   = (known after apply)
                      + uid                        = (known after apply)
                    }
                  + spec     = {
                      + activeDeadlineSeconds         = (known after apply)
                      + affinity                      = {
                          + nodeAffinity    = {
                              + preferredDuringSchedulingIgnoredDuringExecution = (known after apply)
                              + requiredDuringSchedulingIgnoredDuringExecution  = {
                                  + nodeSelectorTerms = (known after apply)
                                }
                            }
                          + podAffinity     = {
                              + preferredDuringSchedulingIgnoredDuringExecution = (known after apply)
                              + requiredDuringSchedulingIgnoredDuringExecution  = (known after apply)
                            }
                          + podAntiAffinity = {
                              + preferredDuringSchedulingIgnoredDuringExecution = (known after apply)
                              + requiredDuringSchedulingIgnoredDuringExecution  = (known after apply)
                            }
                        }
                      + automountServiceAccountToken  = (known after apply)
                      + containers                    = [
                          + {
                              + args                     = (known after apply)
                              + command                  = (known after apply)
                              + env                      = [
                                  + {
                                      + name      = "CONSUL_HTTP_ADDR"
                                      + value     = "consul-ssm:8500"
                                      + valueFrom = {
                                          + configMapKeyRef  = {
                                              + key      = (known after apply)
                                              + name     = (known after apply)
                                              + optional = (known after apply)
                                            }
                                          + fieldRef         = {
                                              + apiVersion = (known after apply)
                                              + fieldPath  = (known after apply)
                                            }
                                          + resourceFieldRef = {
                                              + containerName = (known after apply)
                                              + divisor       = (known after apply)
                                              + resource      = (known after apply)
                                            }
                                          + secretKeyRef     = {
                                              + key      = (known after apply)
                                              + name     = (known after apply)
                                              + optional = (known after apply)
                                            }
                                        }
                                    },
                                ]
                              + envFrom                  = (known after apply)
                              + image                    = "ianunay/weather-app-api:v5"
                              + imagePullPolicy          = (known after apply)
                              + lifecycle                = {
                                  + postStart = {
                                      + exec      = {
                                          + command = (known after apply)
                                        }
                                      + httpGet   = {
                                          + host        = (known after apply)
                                          + httpHeaders = (known after apply)
                                          + path        = (known after apply)
                                          + port        = (known after apply)
                                          + scheme      = (known after apply)
                                        }
                                      + sleep     = {
                                          + seconds = (known after apply)
                                        }
                                      + tcpSocket = {
                                          + host = (known after apply)
                                          + port = (known after apply)
                                        }
                                    }
                                  + preStop   = {
                                      + exec      = {
                                          + command = (known after apply)
                                        }
                                      + httpGet   = {
                                          + host        = (known after apply)
                                          + httpHeaders = (known after apply)
                                          + path        = (known after apply)
                                          + port        = (known after apply)
                                          + scheme      = (known after apply)
                                        }
                                      + sleep     = {
                                          + seconds = (known after apply)
                                        }
                                      + tcpSocket = {
                                          + host = (known after apply)
                                          + port = (known after apply)
                                        }
                                    }
                                }
                              + livenessProbe            = {
                                  + exec                          = {
                                      + command = (known after apply)
                                    }
                                  + failureThreshold              = (known after apply)
                                  + grpc                          = {
                                      + port    = (known after apply)
                                      + service = (known after apply)
                                    }
                                  + httpGet                       = {
                                      + host        = (known after apply)
                                      + httpHeaders = (known after apply)
                                      + path        = (known after apply)
                                      + port        = (known after apply)
                                      + scheme      = (known after apply)
                                    }
                                  + initialDelaySeconds           = (known after apply)
                                  + periodSeconds                 = (known after apply)
                                  + successThreshold              = (known after apply)
                                  + tcpSocket                     = {
                                      + host = (known after apply)
                                      + port = (known after apply)
                                    }
                                  + terminationGracePeriodSeconds = (known after apply)
                                  + timeoutSeconds                = (known after apply)
                                }
                              + name                     = "api"
                              + ports                    = [
                                  + {
                                      + containerPort = 8080
                                      + hostIP        = (known after apply)
                                      + hostPort      = (known after apply)
                                      + name          = (known after apply)
                                      + protocol      = (known after apply)
                                    },
                                ]
                              + readinessProbe           = {
                                  + exec                          = {
                                      + command = (known after apply)
                                    }
                                  + failureThreshold              = (known after apply)
                                  + grpc                          = {
                                      + port    = (known after apply)
                                      + service = (known after apply)
                                    }
                                  + httpGet                       = {
                                      + host        = (known after apply)
                                      + httpHeaders = (known after apply)
                                      + path        = (known after apply)
                                      + port        = (known after apply)
                                      + scheme      = (known after apply)
                                    }
                                  + initialDelaySeconds           = (known after apply)
                                  + periodSeconds                 = (known after apply)
                                  + successThreshold              = (known after apply)
                                  + tcpSocket                     = {
                                      + host = (known after apply)
                                      + port = (known after apply)
                                    }
                                  + terminationGracePeriodSeconds = (known after apply)
                                  + timeoutSeconds                = (known after apply)
                                }
                              + resizePolicy             = (known after apply)
                              + resources                = {
                                  + claims   = (known after apply)
                                  + limits   = (known after apply)
                                  + requests = (known after apply)
                                }
                              + restartPolicy            = (known after apply)
                              + securityContext          = {
                                  + allowPrivilegeEscalation = (known after apply)
                                  + appArmorProfile          = {
                                      + localhostProfile = (known after apply)
                                      + type             = (known after apply)
                                    }
                                  + capabilities             = {
                                      + add  = (known after apply)
                                      + drop = (known after apply)
                                    }
                                  + privileged               = (known after apply)
                                  + procMount                = (known after apply)
                                  + readOnlyRootFilesystem   = (known after apply)
                                  + runAsGroup               = (known after apply)
                                  + runAsNonRoot             = (known after apply)
                                  + runAsUser                = (known after apply)
                                  + seLinuxOptions           = {
                                      + level = (known after apply)
                                      + role  = (known after apply)
                                      + type  = (known after apply)
                                      + user  = (known after apply)
                                    }
                                  + seccompProfile           = {
                                      + localhostProfile = (known after apply)
                                      + type             = (known after apply)
                                    }
                                  + windowsOptions           = {
                                      + gmsaCredentialSpec     = (known after apply)
                                      + gmsaCredentialSpecName = (known after apply)
                                      + hostProcess            = (known after apply)
                                      + runAsUserName          = (known after apply)
                                    }
                                }
                              + startupProbe             = {
                                  + exec                          = {
                                      + command = (known after apply)
                                    }
                                  + failureThreshold              = (known after apply)
                                  + grpc                          = {
                                      + port    = (known after apply)
                                      + service = (known after apply)
                                    }
                                  + httpGet                       = {
                                      + host        = (known after apply)
                                      + httpHeaders = (known after apply)
                                      + path        = (known after apply)
                                      + port        = (known after apply)
                                      + scheme      = (known after apply)
                                    }
                                  + initialDelaySeconds           = (known after apply)
                                  + periodSeconds                 = (known after apply)
                                  + successThreshold              = (known after apply)
                                  + tcpSocket                     = {
                                      + host = (known after apply)
                                      + port = (known after apply)
                                    }
                                  + terminationGracePeriodSeconds = (known after apply)
                                  + timeoutSeconds                = (known after apply)
                                }
                              + stdin                    = (known after apply)
                              + stdinOnce                = (known after apply)
                              + terminationMessagePath   = (known after apply)
                              + terminationMessagePolicy = (known after apply)
                              + tty                      = (known after apply)
                              + volumeDevices            = (known after apply)
                              + volumeMounts             = (known after apply)
                              + workingDir               = (known after apply)
                            },
                        ]
                      + dnsConfig                     = {
                          + nameservers = (known after apply)
                          + options     = (known after apply)
                          + searches    = (known after apply)
                        }
                      + dnsPolicy                     = (known after apply)
                      + enableServiceLinks            = (known after apply)
                      + ephemeralContainers           = (known after apply)
                      + hostAliases                   = (known after apply)
                      + hostIPC                       = (known after apply)
                      + hostNetwork                   = (known after apply)
                      + hostPID                       = (known after apply)
                      + hostUsers                     = (known after apply)
                      + hostname                      = (known after apply)
                      + imagePullSecrets              = (known after apply)
                      + initContainers                = (known after apply)
                      + nodeName                      = (known after apply)
                      + nodeSelector                  = (known after apply)
                      + os                            = {
                          + name = (known after apply)
                        }
                      + overhead                      = (known after apply)
                      + preemptionPolicy              = (known after apply)
                      + priority                      = (known after apply)
                      + priorityClassName             = (known after apply)
                      + readinessGates                = (known after apply)
                      + resourceClaims                = (known after apply)
                      + restartPolicy                 = (known after apply)
                      + runtimeClassName              = (known after apply)
                      + schedulerName                 = (known after apply)
                      + schedulingGates               = (known after apply)
                      + securityContext               = {
                          + appArmorProfile          = {
                              + localhostProfile = (known after apply)
                              + type             = (known after apply)
                            }
                          + fsGroup                  = (known after apply)
                          + fsGroupChangePolicy      = (known after apply)
                          + runAsGroup               = (known after apply)
                          + runAsNonRoot             = (known after apply)
                          + runAsUser                = (known after apply)
                          + seLinuxOptions           = {
                              + level = (known after apply)
                              + role  = (known after apply)
                              + type  = (known after apply)
                              + user  = (known after apply)
                            }
                          + seccompProfile           = {
                              + localhostProfile = (known after apply)
                              + type             = (known after apply)
                            }
                          + supplementalGroups       = (known after apply)
                          + supplementalGroupsPolicy = (known after apply)
                          + sysctls                  = (known after apply)
                          + windowsOptions           = {
                              + gmsaCredentialSpec     = (known after apply)
                              + gmsaCredentialSpecName = (known after apply)
                              + hostProcess            = (known after apply)
                              + runAsUserName          = (known after apply)
                            }
                        }
                      + serviceAccount                = (known after apply)
                      + serviceAccountName            = (known after apply)
                      + setHostnameAsFQDN             = (known after apply)
                      + shareProcessNamespace         = (known after apply)
                      + subdomain                     = (known after apply)
                      + terminationGracePeriodSeconds = (known after apply)
                      + tolerations                   = (known after apply)
                      + topologySpreadConstraints     = (known after apply)
                      + volumes                       = (known after apply)
                    }
                }
            }
        }
    }

  # kubernetes_manifest.api_service will be created
  + resource "kubernetes_manifest" "api_service" {
      + manifest = {
          + apiVersion = "v1"
          + kind       = "Service"
          + metadata   = {
              + name      = "api"
              + namespace = "default2"
            }
          + spec       = {
              + ports    = [
                  + {
                      + port       = 8080
                      + targetPort = 8080
                    },
                ]
              + selector = {
                  + app = "api"
                }
              + type     = "ClusterIP"
            }
        }
      + object   = {
          + apiVersion = "v1"
          + kind       = "Service"
          + metadata   = {
              + annotations                = (known after apply)
              + creationTimestamp          = (known after apply)
              + deletionGracePeriodSeconds = (known after apply)
              + deletionTimestamp          = (known after apply)
              + finalizers                 = (known after apply)
              + generateName               = (known after apply)
              + generation                 = (known after apply)
              + labels                     = (known after apply)
              + managedFields              = (known after apply)
              + name                       = "api"
              + namespace                  = "default2"
              + ownerReferences            = (known after apply)
              + resourceVersion            = (known after apply)
              + selfLink                   = (known after apply)
              + uid                        = (known after apply)
            }
          + spec       = {
              + allocateLoadBalancerNodePorts = (known after apply)
              + clusterIP                     = (known after apply)
              + clusterIPs                    = (known after apply)
              + externalIPs                   = (known after apply)
              + externalName                  = (known after apply)
              + externalTrafficPolicy         = (known after apply)
              + healthCheckNodePort           = (known after apply)
              + internalTrafficPolicy         = (known after apply)
              + ipFamilies                    = (known after apply)
              + ipFamilyPolicy                = (known after apply)
              + loadBalancerClass             = (known after apply)
              + loadBalancerIP                = (known after apply)
              + loadBalancerSourceRanges      = (known after apply)
              + ports                         = [
                  + {
                      + appProtocol = (known after apply)
                      + name        = (known after apply)
                      + nodePort    = (known after apply)
                      + port        = 8080
                      + protocol    = (known after apply)
                      + targetPort  = "8080"
                    },
                ]
              + publishNotReadyAddresses      = (known after apply)
              + selector                      = {
                  + app = "api"
                }
              + sessionAffinity               = (known after apply)
              + sessionAffinityConfig         = {
                  + clientIP = {
                      + timeoutSeconds = (known after apply)
                    }
                }
              + trafficDistribution           = (known after apply)
              + type                          = "ClusterIP"
            }
        }
    }
    ....
    